PODS:
  - camera (0.0.1):
    - Flutter
  - Flutter (1.0.0)
  - "permission_handler (5.0.1+1)":
    - Flutter

DEPENDENCIES:
  - camera (from `.symlinks/plugins/camera/ios`)
  - Flutter (from `Flutter`)
  - permission_handler (from `.symlinks/plugins/permission_handler/ios`)

EXTERNAL SOURCES:
  camera:
    :path: ".symlinks/plugins/camera/ios"
  Flutter:
    :path: Flutter
  permission_handler:
    :path: ".symlinks/plugins/permission_handler/ios"

SPEC CHECKSUMS:
  camera: 38cc83ae9a5667bb5a71c7d9edaf60a91920fd4e
  Flutter: 50d75fe2f02b26cc09d224853bb45737f8b3214a
  permission_handler: eac8e15b4a1a3fba55b761d19f3f4e6b005d15b6

PODFILE CHECKSUM: aafe91acc616949ddb318b77800a7f51bffa2a4c

COCOAPODS: 1.11.2
